// !$*UTF8*$!
{
	archiveVersion = 1;
	classes = {
	};
	objectVersion = 56;
	objects = {

/* Begin PBXBuildFile section */
		956F8DBD29E8BF570013B5DC /* SplashView.swift in Sources */ = {isa = PBXBuildFile; fileRef = 956F8DBC29E8BF570013B5DC /* SplashView.swift */; };
		9596A5AE29E59AA3009C0CF1 /* WineRow.swift in Sources */ = {isa = PBXBuildFile; fileRef = 9596A5AD29E59AA3009C0CF1 /* WineRow.swift */; };
		95A0B22F29E21E2800352A0C /* WineCard.swift in Sources */ = {isa = PBXBuildFile; fileRef = 95A0B22E29E21E2800352A0C /* WineCard.swift */; };
		95C31C8329E477D100CAC5B2 /* CartButton.swift in Sources */ = {isa = PBXBuildFile; fileRef = 95C31C8229E477D100CAC5B2 /* CartButton.swift */; };
		95C31C8629E4A9F700CAC5B2 /* CartView.swift in Sources */ = {isa = PBXBuildFile; fileRef = 95C31C8529E4A9F700CAC5B2 /* CartView.swift */; };
		95C31C8929E4ADC400CAC5B2 /* CartManager.swift in Sources */ = {isa = PBXBuildFile; fileRef = 95C31C8829E4ADC400CAC5B2 /* CartManager.swift */; };
		95C92EB929E60BF80054C0C4 /* WineDetailView.swift in Sources */ = {isa = PBXBuildFile; fileRef = 95C92EB829E60BF80054C0C4 /* WineDetailView.swift */; };
		95DFDD6F29E0C45A00F18D39 /* Product.swift in Sources */ = {isa = PBXBuildFile; fileRef = 95DFDD6E29E0C45A00F18D39 /* Product.swift */; };
		95E1AC4029DFD70E000D7077 /* LaRedondaApp.swift in Sources */ = {isa = PBXBuildFile; fileRef = 95E1AC3F29DFD70E000D7077 /* LaRedondaApp.swift */; };
		95E1AC4229DFD70E000D7077 /* ContentView.swift in Sources */ = {isa = PBXBuildFile; fileRef = 95E1AC4129DFD70E000D7077 /* ContentView.swift */; };
		95E1AC4429DFD710000D7077 /* Assets.xcassets in Resources */ = {isa = PBXBuildFile; fileRef = 95E1AC4329DFD710000D7077 /* Assets.xcassets */; };
		95E1AC4729DFD710000D7077 /* Preview Assets.xcassets in Resources */ = {isa = PBXBuildFile; fileRef = 95E1AC4629DFD710000D7077 /* Preview Assets.xcassets */; };
/* End PBXBuildFile section */

/* Begin PBXFileReference section */
		956F8DBC29E8BF570013B5DC /* SplashView.swift */ = {isa = PBXFileReference; lastKnownFileType = sourcecode.swift; path = SplashView.swift; sourceTree = "<group>"; };
		9596A5AD29E59AA3009C0CF1 /* WineRow.swift */ = {isa = PBXFileReference; lastKnownFileType = sourcecode.swift; path = WineRow.swift; sourceTree = "<group>"; };
		95A0B22E29E21E2800352A0C /* WineCard.swift */ = {isa = PBXFileReference; lastKnownFileType = sourcecode.swift; path = WineCard.swift; sourceTree = "<group>"; };
		95C31C8229E477D100CAC5B2 /* CartButton.swift */ = {isa = PBXFileReference; lastKnownFileType = sourcecode.swift; path = CartButton.swift; sourceTree = "<group>"; };
		95C31C8529E4A9F700CAC5B2 /* CartView.swift */ = {isa = PBXFileReference; lastKnownFileType = sourcecode.swift; path = CartView.swift; sourceTree = "<group>"; };
		95C31C8829E4ADC400CAC5B2 /* CartManager.swift */ = {isa = PBXFileReference; lastKnownFileType = sourcecode.swift; path = CartManager.swift; sourceTree = "<group>"; };
		95C92EB829E60BF80054C0C4 /* WineDetailView.swift */ = {isa = PBXFileReference; lastKnownFileType = sourcecode.swift; path = WineDetailView.swift; sourceTree = "<group>"; };
		95DFDD6E29E0C45A00F18D39 /* Product.swift */ = {isa = PBXFileReference; lastKnownFileType = sourcecode.swift; path = Product.swift; sourceTree = "<group>"; };
		95E1AC3C29DFD70E000D7077 /* LaRedonda.app */ = {isa = PBXFileReference; explicitFileType = wrapper.application; includeInIndex = 0; path = LaRedonda.app; sourceTree = BUILT_PRODUCTS_DIR; };
		95E1AC3F29DFD70E000D7077 /* LaRedondaApp.swift */ = {isa = PBXFileReference; lastKnownFileType = sourcecode.swift; path = LaRedondaApp.swift; sourceTree = "<group>"; };
		95E1AC4129DFD70E000D7077 /* ContentView.swift */ = {isa = PBXFileReference; lastKnownFileType = sourcecode.swift; path = ContentView.swift; sourceTree = "<group>"; };
		95E1AC4329DFD710000D7077 /* Assets.xcassets */ = {isa = PBXFileReference; lastKnownFileType = folder.assetcatalog; path = Assets.xcassets; sourceTree = "<group>"; };
		95E1AC4629DFD710000D7077 /* Preview Assets.xcassets */ = {isa = PBXFileReference; lastKnownFileType = folder.assetcatalog; path = "Preview Assets.xcassets"; sourceTree = "<group>"; };
/* End PBXFileReference section */

/* Begin PBXFrameworksBuildPhase section */
		95E1AC3929DFD70E000D7077 /* Frameworks */ = {
			isa = PBXFrameworksBuildPhase;
			buildActionMask = 2147483647;
			files = (
			);
			runOnlyForDeploymentPostprocessing = 0;
		};
/* End PBXFrameworksBuildPhase section */

/* Begin PBXGroup section */
		9596A5AF29E59B07009C0CF1 /* Models */ = {
			isa = PBXGroup;
			children = (
				95DFDD6E29E0C45A00F18D39 /* Product.swift */,
				95C31C8829E4ADC400CAC5B2 /* CartManager.swift */,
			);
			path = Models;
			sourceTree = "<group>";
		};
		95C31C8429E4780F00CAC5B2 /* Components */ = {
			isa = PBXGroup;
			children = (
				95A0B22E29E21E2800352A0C /* WineCard.swift */,
				95C31C8229E477D100CAC5B2 /* CartButton.swift */,
				9596A5AD29E59AA3009C0CF1 /* WineRow.swift */,
			);
			path = Components;
			sourceTree = "<group>";
		};
		95C31C8729E4AAC800CAC5B2 /* Views */ = {
			isa = PBXGroup;
			children = (
				95C31C8529E4A9F700CAC5B2 /* CartView.swift */,
				95C92EB829E60BF80054C0C4 /* WineDetailView.swift */,
			);
			path = Views;
			sourceTree = "<group>";
		};
		95E1AC3329DFD70E000D7077 = {
			isa = PBXGroup;
			children = (
				95E1AC3E29DFD70E000D7077 /* LaRedonda */,
				95E1AC3D29DFD70E000D7077 /* Products */,
			);
			sourceTree = "<group>";
		};
		95E1AC3D29DFD70E000D7077 /* Products */ = {
			isa = PBXGroup;
			children = (
				95E1AC3C29DFD70E000D7077 /* LaRedonda.app */,
			);
			name = Products;
			sourceTree = "<group>";
		};
		95E1AC3E29DFD70E000D7077 /* LaRedonda */ = {
			isa = PBXGroup;
			children = (
				95E1AC3F29DFD70E000D7077 /* LaRedondaApp.swift */,
				95E1AC4129DFD70E000D7077 /* ContentView.swift */,
				9596A5AF29E59B07009C0CF1 /* Models */,
				95C31C8729E4AAC800CAC5B2 /* Views */,
				95C31C8429E4780F00CAC5B2 /* Components */,
				95E1AC4329DFD710000D7077 /* Assets.xcassets */,
				95E1AC4529DFD710000D7077 /* Preview Content */,
				956F8DBC29E8BF570013B5DC /* SplashView.swift */,
			);
			path = LaRedonda;
			sourceTree = "<group>";
		};
		95E1AC4529DFD710000D7077 /* Preview Content */ = {
			isa = PBXGroup;
			children = (
				95E1AC4629DFD710000D7077 /* Preview Assets.xcassets */,
			);
			path = "Preview Content";
			sourceTree = "<group>";
		};
/* End PBXGroup section */

/* Begin PBXNativeTarget section */
		95E1AC3B29DFD70E000D7077 /* LaRedonda */ = {
			isa = PBXNativeTarget;
			buildConfigurationList = 95E1AC4A29DFD710000D7077 /* Build configuration list for PBXNativeTarget "LaRedonda" */;
			buildPhases = (
				95E1AC3829DFD70E000D7077 /* Sources */,
				95E1AC3929DFD70E000D7077 /* Frameworks */,
				95E1AC3A29DFD70E000D7077 /* Resources */,
			);
			buildRules = (
			);
			dependencies = (
			);
			name = LaRedonda;
			productName = LaRedonda;
			productReference = 95E1AC3C29DFD70E000D7077 /* LaRedonda.app */;
			productType = "com.apple.product-type.application";
		};
/* End PBXNativeTarget section */

/* Begin PBXProject section */
		95E1AC3429DFD70E000D7077 /* Project object */ = {
			isa = PBXProject;
			attributes = {
				BuildIndependentTargetsInParallel = 1;
				LastSwiftUpdateCheck = 1430;
				LastUpgradeCheck = 1430;
				TargetAttributes = {
					95E1AC3B29DFD70E000D7077 = {
						CreatedOnToolsVersion = 14.3;
					};
				};
			};
			buildConfigurationList = 95E1AC3729DFD70E000D7077 /* Build configuration list for PBXProject "LaRedonda" */;
			compatibilityVersion = "Xcode 14.0";
			developmentRegion = en;
			hasScannedForEncodings = 0;
			knownRegions = (
				en,
				Base,
			);
			mainGroup = 95E1AC3329DFD70E000D7077;
			productRefGroup = 95E1AC3D29DFD70E000D7077 /* Products */;
			projectDirPath = "";
			projectRoot = "";
			targets = (
				95E1AC3B29DFD70E000D7077 /* LaRedonda */,
			);
		};
/* End PBXProject section */

/* Begin PBXResourcesBuildPhase section */
		95E1AC3A29DFD70E000D7077 /* Resources */ = {
			isa = PBXResourcesBuildPhase;
			buildActionMask = 2147483647;
			files = (
				95E1AC4729DFD710000D7077 /* Preview Assets.xcassets in Resources */,
				95E1AC4429DFD710000D7077 /* Assets.xcassets in Resources */,
			);
			runOnlyForDeploymentPostprocessing = 0;
		};
/* End PBXResourcesBuildPhase section */

/* Begin PBXSourcesBuildPhase section */
		95E1AC3829DFD70E000D7077 /* Sources */ = {
			isa = PBXSourcesBuildPhase;
			buildActionMask = 2147483647;
			files = (
				95C31C8629E4A9F700CAC5B2 /* CartView.swift in Sources */,
				95C92EB929E60BF80054C0C4 /* WineDetailView.swift in Sources */,
				95E1AC4229DFD70E000D7077 /* ContentView.swift in Sources */,
				95C31C8929E4ADC400CAC5B2 /* CartManager.swift in Sources */,
				9596A5AE29E59AA3009C0CF1 /* WineRow.swift in Sources */,
				95E1AC4029DFD70E000D7077 /* LaRedondaApp.swift in Sources */,
				95A0B22F29E21E2800352A0C /* WineCard.swift in Sources */,
				956F8DBD29E8BF570013B5DC /* SplashView.swift in Sources */,
				95DFDD6F29E0C45A00F18D39 /* Product.swift in Sources */,
				95C31C8329E477D100CAC5B2 /* CartButton.swift in Sources */,
			);
			runOnlyForDeploymentPostprocessing = 0;
		};
/* End PBXSourcesBuildPhase section */

/* Begin XCBuildConfiguration section */
		95E1AC4829DFD710000D7077 /* Debug */ = {
			isa = XCBuildConfiguration;
			buildSettings = {
				ALWAYS_SEARCH_USER_PATHS = NO;
				CLANG_ANALYZER_NONNULL = YES;
				CLANG_ANALYZER_NUMBER_OBJECT_CONVERSION = YES_AGGRESSIVE;
				CLANG_CXX_LANGUAGE_STANDARD = "gnu++20";
				CLANG_ENABLE_MODULES = YES;
				CLANG_ENABLE_OBJC_ARC = YES;
				CLANG_ENABLE_OBJC_WEAK = YES;
				CLANG_WARN_BLOCK_CAPTURE_AUTORELEASING = YES;
				CLANG_WARN_BOOL_CONVERSION = YES;
				CLANG_WARN_COMMA = YES;
				CLANG_WARN_CONSTANT_CONVERSION = YES;
				CLANG_WARN_DEPRECATED_OBJC_IMPLEMENTATIONS = YES;
				CLANG_WARN_DIRECT_OBJC_ISA_USAGE = YES_ERROR;
				CLANG_WARN_DOCUMENTATION_COMMENTS = YES;
				CLANG_WARN_EMPTY_BODY = YES;
				CLANG_WARN_ENUM_CONVERSION = YES;
				CLANG_WARN_INFINITE_RECURSION = YES;
				CLANG_WARN_INT_CONVERSION = YES;
				CLANG_WARN_NON_LITERAL_NULL_CONVERSION = YES;
				CLANG_WARN_OBJC_IMPLICIT_RETAIN_SELF = YES;
				CLANG_WARN_OBJC_LITERAL_CONVERSION = YES;
				CLANG_WARN_OBJC_ROOT_CLASS = YES_ERROR;
				CLANG_WARN_QUOTED_INCLUDE_IN_FRAMEWORK_HEADER = YES;
				CLANG_WARN_RANGE_LOOP_ANALYSIS = YES;
				CLANG_WARN_STRICT_PROTOTYPES = YES;
				CLANG_WARN_SUSPICIOUS_MOVE = YES;
				CLANG_WARN_UNGUARDED_AVAILABILITY = YES_AGGRESSIVE;
				CLANG_WARN_UNREACHABLE_CODE = YES;
				CLANG_WARN__DUPLICATE_METHOD_MATCH = YES;
				COPY_PHASE_STRIP = NO;
				DEBUG_INFORMATION_FORMAT = dwarf;
				ENABLE_STRICT_OBJC_MSGSEND = YES;
				ENABLE_TESTABILITY = YES;
				GCC_C_LANGUAGE_STANDARD = gnu11;
				GCC_DYNAMIC_NO_PIC = NO;
				GCC_NO_COMMON_BLOCKS = YES;
				GCC_OPTIMIZATION_LEVEL = 0;
				GCC_PREPROCESSOR_DEFINITIONS = (
					"DEBUG=1",
					"$(inherited)",
				);
				GCC_WARN_64_TO_32_BIT_CONVERSION = YES;
				GCC_WARN_ABOUT_RETURN_TYPE = YES_ERROR;
				GCC_WARN_UNDECLARED_SELECTOR = YES;
				GCC_WARN_UNINITIALIZED_AUTOS = YES_AGGRESSIVE;
				GCC_WARN_UNUSED_FUNCTION = YES;
				GCC_WARN_UNUSED_VARIABLE = YES;
				IPHONEOS_DEPLOYMENT_TARGET = 16.4;
				MTL_ENABLE_DEBUG_INFO = INCLUDE_SOURCE;
				MTL_FAST_MATH = YES;
				ONLY_ACTIVE_ARCH = YES;
				SDKROOT = iphoneos;
				SWIFT_ACTIVE_COMPILATION_CONDITIONS = DEBUG;
				SWIFT_OPTIMIZATION_LEVEL = "-Onone";
			};
			name = Debug;
		};
		95E1AC4929DFD710000D7077 /* Release */ = {
			isa = XCBuildConfiguration;
			buildSettings = {
				ALWAYS_SEARCH_USER_PATHS = NO;
				CLANG_ANALYZER_NONNULL = YES;
				CLANG_ANALYZER_NUMBER_OBJECT_CONVERSION = YES_AGGRESSIVE;
				CLANG_CXX_LANGUAGE_STANDARD = "gnu++20";
				CLANG_ENABLE_MODULES = YES;
				CLANG_ENABLE_OBJC_ARC = YES;
				CLANG_ENABLE_OBJC_WEAK = YES;
				CLANG_WARN_BLOCK_CAPTURE_AUTORELEASING = YES;
				CLANG_WARN_BOOL_CONVERSION = YES;
				CLANG_WARN_COMMA = YES;
				CLANG_WARN_CONSTANT_CONVERSION = YES;
				CLANG_WARN_DEPRECATED_OBJC_IMPLEMENTATIONS = YES;
				CLANG_WARN_DIRECT_OBJC_ISA_USAGE = YES_ERROR;
				CLANG_WARN_DOCUMENTATION_COMMENTS = YES;
				CLANG_WARN_EMPTY_BODY = YES;
				CLANG_WARN_ENUM_CONVERSION = YES;
				CLANG_WARN_INFINITE_RECURSION = YES;
				CLANG_WARN_INT_CONVERSION = YES;
				CLANG_WARN_NON_LITERAL_NULL_CONVERSION = YES;
				CLANG_WARN_OBJC_IMPLICIT_RETAIN_SELF = YES;
				CLANG_WARN_OBJC_LITERAL_CONVERSION = YES;
				CLANG_WARN_OBJC_ROOT_CLASS = YES_ERROR;
				CLANG_WARN_QUOTED_INCLUDE_IN_FRAMEWORK_HEADER = YES;
				CLANG_WARN_RANGE_LOOP_ANALYSIS = YES;
				CLANG_WARN_STRICT_PROTOTYPES = YES;
				CLANG_WARN_SUSPICIOUS_MOVE = YES;
				CLANG_WARN_UNGUARDED_AVAILABILITY = YES_AGGRESSIVE;
				CLANG_WARN_UNREACHABLE_CODE = YES;
				CLANG_WARN__DUPLICATE_METHOD_MATCH = YES;
				COPY_PHASE_STRIP = NO;
				DEBUG_INFORMATION_FORMAT = "dwarf-with-dsym";
				ENABLE_NS_ASSERTIONS = NO;
				ENABLE_STRICT_OBJC_MSGSEND = YES;
				GCC_C_LANGUAGE_STANDARD = gnu11;
				GCC_NO_COMMON_BLOCKS = YES;
				GCC_WARN_64_TO_32_BIT_CONVERSION = YES;
				GCC_WARN_ABOUT_RETURN_TYPE = YES_ERROR;
				GCC_WARN_UNDECLARED_SELECTOR = YES;
				GCC_WARN_UNINITIALIZED_AUTOS = YES_AGGRESSIVE;
				GCC_WARN_UNUSED_FUNCTION = YES;
				GCC_WARN_UNUSED_VARIABLE = YES;
				IPHONEOS_DEPLOYMENT_TARGET = 16.4;
				MTL_ENABLE_DEBUG_INFO = NO;
				MTL_FAST_MATH = YES;
				SDKROOT = iphoneos;
				SWIFT_COMPILATION_MODE = wholemodule;
				SWIFT_OPTIMIZATION_LEVEL = "-O";
				VALIDATE_PRODUCT = YES;
			};
			name = Release;
		};
		95E1AC4B29DFD710000D7077 /* Debug */ = {
			isa = XCBuildConfiguration;
			buildSettings = {
				ASSETCATALOG_COMPILER_APPICON_NAME = AppIcon;
				ASSETCATALOG_COMPILER_GLOBAL_ACCENT_COLOR_NAME = AccentColor;
				CODE_SIGN_STYLE = Automatic;
				CURRENT_PROJECT_VERSION = 1;
				DEVELOPMENT_ASSET_PATHS = "\"LaRedonda/Preview Content\"";
				ENABLE_PREVIEWS = YES;
				GENERATE_INFOPLIST_FILE = YES;
				INFOPLIST_KEY_LSApplicationCategoryType = "public.app-category.shopping";
				INFOPLIST_KEY_UIApplicationSceneManifest_Generation = YES;
				INFOPLIST_KEY_UIApplicationSupportsIndirectInputEvents = YES;
				INFOPLIST_KEY_UILaunchScreen_Generation = YES;
				INFOPLIST_KEY_UISupportedInterfaceOrientations = UIInterfaceOrientationPortrait;
				INFOPLIST_KEY_UISupportedInterfaceOrientations_iPad = "UIInterfaceOrientationLandscapeLeft UIInterfaceOrientationLandscapeRight UIInterfaceOrientationPortrait UIInterfaceOrientationPortraitUpsideDown";
				IPHONEOS_DEPLOYMENT_TARGET = 16.0;
				LD_RUNPATH_SEARCH_PATHS = (
					"$(inherited)",
					"@executable_path/Frameworks",
				);
				MARKETING_VERSION = 1.0;
				PRODUCT_BUNDLE_IDENTIFIER = com.appuniversity.org.LaRedonda;
				PRODUCT_NAME = "$(TARGET_NAME)";
				SUPPORTED_PLATFORMS = "iphoneos iphonesimulator";
				SUPPORTS_MACCATALYST = NO;
				SUPPORTS_MAC_DESIGNED_FOR_IPHONE_IPAD = NO;
				SWIFT_EMIT_LOC_STRINGS = YES;
				SWIFT_VERSION = 5.0;
				TARGETED_DEVICE_FAMILY = 1;
			};
			name = Debug;
		};
		95E1AC4C29DFD710000D7077 /* Release */ = {
			isa = XCBuildConfiguration;
			buildSettings = {
				ASSETCATALOG_COMPILER_APPICON_NAME = AppIcon;
				ASSETCATALOG_COMPILER_GLOBAL_ACCENT_COLOR_NAME = AccentColor;
				CODE_SIGN_STYLE = Automatic;
				CURRENT_PROJECT_VERSION = 1;
				DEVELOPMENT_ASSET_PATHS = "\"LaRedonda/Preview Content\"";
				ENABLE_PREVIEWS = YES;
				GENERATE_INFOPLIST_FILE = YES;
				INFOPLIST_KEY_LSApplicationCategoryType = "public.app-category.shopping";
				INFOPLIST_KEY_UIApplicationSceneManifest_Generation = YES;
				INFOPLIST_KEY_UIApplicationSupportsIndirectInputEvents = YES;
				INFOPLIST_KEY_UILaunchScreen_Generation = YES;
				INFOPLIST_KEY_UISupportedInterfaceOrientations = UIInterfaceOrientationPortrait;
				INFOPLIST_KEY_UISupportedInterfaceOrientations_iPad = "UIInterfaceOrientationLandscapeLeft UIInterfaceOrientationLandscapeRight UIInterfaceOrientationPortrait UIInterfaceOrientationPortraitUpsideDown";
				IPHONEOS_DEPLOYMENT_TARGET = 16.0;
				LD_RUNPATH_SEARCH_PATHS = (
					"$(inherited)",
					"@executable_path/Frameworks",
				);
				MARKETING_VERSION = 1.0;
				PRODUCT_BUNDLE_IDENTIFIER = com.appuniversity.org.LaRedonda;
				PRODUCT_NAME = "$(TARGET_NAME)";
				SUPPORTED_PLATFORMS = "iphoneos iphonesimulator";
				SUPPORTS_MACCATALYST = NO;
				SUPPORTS_MAC_DESIGNED_FOR_IPHONE_IPAD = NO;
				SWIFT_EMIT_LOC_STRINGS = YES;
				SWIFT_VERSION = 5.0;
				TARGETED_DEVICE_FAMILY = 1;
			};
			name = Release;
		};
/* End XCBuildConfiguration section */

/* Begin XCConfigurationList section */
		95E1AC3729DFD70E000D7077 /* Build configuration list for PBXProject "LaRedonda" */ = {
			isa = XCConfigurationList;
			buildConfigurations = (
				95E1AC4829DFD710000D7077 /* Debug */,
				95E1AC4929DFD710000D7077 /* Release */,
			);
			defaultConfigurationIsVisible = 0;
			defaultConfigurationName = Release;
		};
		95E1AC4A29DFD710000D7077 /* Build configuration list for PBXNativeTarget "LaRedonda" */ = {
			isa = XCConfigurationList;
			buildConfigurations = (
				95E1AC4B29DFD710000D7077 /* Debug */,
				95E1AC4C29DFD710000D7077 /* Release */,
			);
			defaultConfigurationIsVisible = 0;
			defaultConfigurationName = Release;
		};
/* End XCConfigurationList section */
	};
	rootObject = 95E1AC3429DFD70E000D7077 /* Project object */;
}
